
Microsoft Visual Studio Solution File, Format Version 12.00
# Visual Studio Version 16
VisualStudioVersion = 16.0.30413.136
MinimumVisualStudioVersion = 10.0.40219.1
Project("{FAE04EC0-301F-11D3-BF4B-00C04F79EFBC}") = "TirtaShutdownTimer", "TirtaShutdownTimer.csproj", "{A869516D-6897-4513-B50B-150E53E8B685}"
EndProject
Global
	GlobalSection(SolutionConfigurationPlatforms) = preSolution
		Debug|Any CPU = Debug|Any CPU
		Release|Any CPU = Release|Any CPU
	EndGlobalSection
	GlobalSection(ProjectConfigurationPlatforms) = postSolution
		{A869516D-6897-4513-B50B-150E53E8B685}.Debug|Any CPU.ActiveCfg = Debug|Any CPU
		{A869516D-6897-4513-B50B-150E53E8B685}.Debug|Any CPU.Build.0 = Debug|Any CPU
		{A869516D-6897-4513-B50B-150E53E8B685}.Release|Any CPU.ActiveCfg = Release|Any CPU
		{A869516D-6897-4513-B50B-150E53E8B685}.Release|Any CPU.Build.0 = Release|Any CPU
	EndGlobalSection
	GlobalSection(SolutionProperties) = preSolution
		HideSolutionNode = FALSE
	EndGlobalSection
	GlobalSection(ExtensibilityGlobals) = postSolution
		SolutionGuid = {40FE248E-9956-4A4F-AC50-483266179D64}
	EndGlobalSection
EndGlobal
